{
  "name": "kafka-plugin",
  "version": "1.0.0",
  "lockfileVersion": 2,
  "requires": true,
  "packages": {
    "": {
      "name": "kafka-plugin",
      "version": "1.0.0",
      "license": "MIT",
      "dependencies": {
        "@posthog/plugin-scaffold": "^0.12.10",
        "kafkajs": "^1.16.0"
      },
      "devDependencies": {
        "@types/node": "^17.0.19"
      }
    },
    "node_modules/@posthog/plugin-scaffold": {
      "version": "0.12.10",
      "resolved": "https://registry.npmjs.org/@posthog/plugin-scaffold/-/plugin-scaffold-0.12.10.tgz",
      "integrity": "sha512-63HFD0fC232vg++MWbPNBSezbNMuUfamJxLs3wV+GrV+2gxlo/76gN7AK5a/3N3xBtRs394Yj7TwkwlK4MryLA=="
    },
    "node_modules/@types/node": {
      "version": "17.0.19",
      "resolved": "https://registry.npmjs.org/@types/node/-/node-17.0.19.tgz",
      "integrity": "sha512-PfeQhvcMR4cPFVuYfBN4ifG7p9c+Dlh3yUZR6k+5yQK7wX3gDgVxBly4/WkBRs9x4dmcy1TVl08SY67wwtEvmA==",
      "dev": true
    },
    "node_modules/kafkajs": {
      "version": "1.16.0",
      "resolved": "https://registry.npmjs.org/kafkajs/-/kafkajs-1.16.0.tgz",
      "integrity": "sha512-+Rcfu2hyQ/jv5skqRY8xA7Ra+mmRkDAzCaLDYbkGtgsNKpzxPWiLbk8ub0dgr4EbWrN1Zb4BCXHUkD6+zYfdWg==",
      "engines": {
        "node": ">=10.13.0"
      }
    }
  },
  "dependencies": {
    "@posthog/plugin-scaffold": {
      "version": "0.12.10",
      "resolved": "https://registry.npmjs.org/@posthog/plugin-scaffold/-/plugin-scaffold-0.12.10.tgz",
      "integrity": "sha512-63HFD0fC232vg++MWbPNBSezbNMuUfamJxLs3wV+GrV+2gxlo/76gN7AK5a/3N3xBtRs394Yj7TwkwlK4MryLA=="
    },
    "@types/node": {
      "version": "17.0.19",
      "resolved": "https://registry.npmjs.org/@types/node/-/node-17.0.19.tgz",
      "integrity": "sha512-PfeQhvcMR4cPFVuYfBN4ifG7p9c+Dlh3yUZR6k+5yQK7wX3gDgVxBly4/WkBRs9x4dmcy1TVl08SY67wwtEvmA==",
      "dev": true
    },
    "kafkajs": {
      "version": "1.16.0",
      "resolved": "https://registry.npmjs.org/kafkajs/-/kafkajs-1.16.0.tgz",
      "integrity": "sha512-+Rcfu2hyQ/jv5skqRY8xA7Ra+mmRkDAzCaLDYbkGtgsNKpzxPWiLbk8ub0dgr4EbWrN1Zb4BCXHUkD6+zYfdWg=="
    }
  }
}
